
Microsoft Visual Studio Solution File, Format Version 12.00
# Visual Studio Version 17
VisualStudioVersion = 17.2.32516.85
MinimumVisualStudioVersion = 10.0.40219.1
Project("{9A19103F-16F7-4668-BE54-9A1E7A4F7556}") = "ProductWebAPI", "ProductWebAPI\ProductWebAPI.csproj", "{D8A050EB-9853-4F71-A619-A8FF63D104DC}"
EndProject
Project("{FAE04EC0-301F-11D3-BF4B-00C04F79EFBC}") = "ProductWebApiTests", "ProductWebApiTests\ProductWebApiTests.csproj", "{3BA01E7A-166E-498D-8A60-55909F0A9DDC}"
EndProject
Global
	GlobalSection(SolutionConfigurationPlatforms) = preSolution
		Debug|Any CPU = Debug|Any CPU
		Release|Any CPU = Release|Any CPU
	EndGlobalSection
	GlobalSection(ProjectConfigurationPlatforms) = postSolution
		{D8A050EB-9853-4F71-A619-A8FF63D104DC}.Debug|Any CPU.ActiveCfg = Debug|Any CPU
		{D8A050EB-9853-4F71-A619-A8FF63D104DC}.Debug|Any CPU.Build.0 = Debug|Any CPU
		{D8A050EB-9853-4F71-A619-A8FF63D104DC}.Release|Any CPU.ActiveCfg = Release|Any CPU
		{D8A050EB-9853-4F71-A619-A8FF63D104DC}.Release|Any CPU.Build.0 = Release|Any CPU
		{3BA01E7A-166E-498D-8A60-55909F0A9DDC}.Debug|Any CPU.ActiveCfg = Debug|Any CPU
		{3BA01E7A-166E-498D-8A60-55909F0A9DDC}.Debug|Any CPU.Build.0 = Debug|Any CPU
		{3BA01E7A-166E-498D-8A60-55909F0A9DDC}.Release|Any CPU.ActiveCfg = Release|Any CPU
		{3BA01E7A-166E-498D-8A60-55909F0A9DDC}.Release|Any CPU.Build.0 = Release|Any CPU
	EndGlobalSection
	GlobalSection(SolutionProperties) = preSolution
		HideSolutionNode = FALSE
	EndGlobalSection
	GlobalSection(ExtensibilityGlobals) = postSolution
		SolutionGuid = {E0FC78FF-5276-4611-A592-CA17E305FB37}
	EndGlobalSection
EndGlobal
